dependencies:
- name: mysql
  repository: https://charts.bitnami.com/bitnami
  version: 8.2.1
- name: prometheus
  repository: https://charts.helm.sh/stable
  version: 9.7.5
- name: grafana
  repository: https://grafana.github.io/helm-charts
  version: 4.2.3
digest: sha256:bb9cf88f242910701ae2bdcd7c398f2bf1e7d9304a9936672db307f89b90997e
generated: "2020-12-22T00:29:48.514581555+03:00"
